
Microsoft Visual Studio Solution File, Format Version 12.00
# Visual Studio Version 16
VisualStudioVersion = 16.0.29709.97
MinimumVisualStudioVersion = 10.0.40219.1
Project("{FAE04EC0-301F-11D3-BF4B-00C04F79EFBC}") = "ViReLa_Server", "ViReLa_Server\ViReLa_Server.csproj", "{5E5A06F7-9FF9-453B-8F61-87ECA2034BFB}"
EndProject
Project("{FAE04EC0-301F-11D3-BF4B-00C04F79EFBC}") = "Statistics", "Statistics\Statistics.csproj", "{3C5A3FB4-1A1B-469E-80E6-A5A329351C13}"
EndProject
Project("{FAE04EC0-301F-11D3-BF4B-00C04F79EFBC}") = "ViReLa_Client", "ViReLa_Client\ViReLa_Client.csproj", "{A6581DD1-AFA9-4F48-A5ED-82799CFD44EA}"
EndProject
Global
	GlobalSection(SolutionConfigurationPlatforms) = preSolution
		Debug|Any CPU = Debug|Any CPU
		Release|Any CPU = Release|Any CPU
	EndGlobalSection
	GlobalSection(ProjectConfigurationPlatforms) = postSolution
		{5E5A06F7-9FF9-453B-8F61-87ECA2034BFB}.Debug|Any CPU.ActiveCfg = Debug|Any CPU
		{5E5A06F7-9FF9-453B-8F61-87ECA2034BFB}.Debug|Any CPU.Build.0 = Debug|Any CPU
		{5E5A06F7-9FF9-453B-8F61-87ECA2034BFB}.Release|Any CPU.ActiveCfg = Release|Any CPU
		{5E5A06F7-9FF9-453B-8F61-87ECA2034BFB}.Release|Any CPU.Build.0 = Release|Any CPU
		{3C5A3FB4-1A1B-469E-80E6-A5A329351C13}.Debug|Any CPU.ActiveCfg = Debug|Any CPU
		{3C5A3FB4-1A1B-469E-80E6-A5A329351C13}.Debug|Any CPU.Build.0 = Debug|Any CPU
		{3C5A3FB4-1A1B-469E-80E6-A5A329351C13}.Release|Any CPU.ActiveCfg = Release|Any CPU
		{3C5A3FB4-1A1B-469E-80E6-A5A329351C13}.Release|Any CPU.Build.0 = Release|Any CPU
		{A6581DD1-AFA9-4F48-A5ED-82799CFD44EA}.Debug|Any CPU.ActiveCfg = Debug|Any CPU
		{A6581DD1-AFA9-4F48-A5ED-82799CFD44EA}.Debug|Any CPU.Build.0 = Debug|Any CPU
		{A6581DD1-AFA9-4F48-A5ED-82799CFD44EA}.Release|Any CPU.ActiveCfg = Release|Any CPU
		{A6581DD1-AFA9-4F48-A5ED-82799CFD44EA}.Release|Any CPU.Build.0 = Release|Any CPU
	EndGlobalSection
	GlobalSection(SolutionProperties) = preSolution
		HideSolutionNode = FALSE
	EndGlobalSection
	GlobalSection(ExtensibilityGlobals) = postSolution
		SolutionGuid = {EBEBDCB8-C6F8-48B6-A5D0-54447F6C44F3}
	EndGlobalSection
EndGlobal
